// !$*UTF8*$!
{
	archiveVersion = 1;
	classes = {
	};
	objectVersion = 56;
	objects = {

/* Begin PBXBuildFile section */
		703D7D0D29E803C70020360D /* AppDelegate.swift in Sources */ = {isa = PBXBuildFile; fileRef = 703D7D0C29E803C70020360D /* AppDelegate.swift */; };
		703D7D0F29E803C70020360D /* SceneDelegate.swift in Sources */ = {isa = PBXBuildFile; fileRef = 703D7D0E29E803C70020360D /* SceneDelegate.swift */; };
		703D7D1129E803C70020360D /* FeedController.swift in Sources */ = {isa = PBXBuildFile; fileRef = 703D7D1029E803C70020360D /* FeedController.swift */; };
		703D7D1729E803C70020360D /* RSSreader.xcdatamodeld in Sources */ = {isa = PBXBuildFile; fileRef = 703D7D1529E803C70020360D /* RSSreader.xcdatamodeld */; };
		703D7D1929E803CC0020360D /* Assets.xcassets in Resources */ = {isa = PBXBuildFile; fileRef = 703D7D1829E803CC0020360D /* Assets.xcassets */; };
		703D7D1C29E803CC0020360D /* LaunchScreen.storyboard in Resources */ = {isa = PBXBuildFile; fileRef = 703D7D1A29E803CC0020360D /* LaunchScreen.storyboard */; };
		703D7D2429E80CE90020360D /* XmlParserManager.swift in Sources */ = {isa = PBXBuildFile; fileRef = 703D7D2329E80CE90020360D /* XmlParserManager.swift */; };
		703D7D2A29E81CD00020360D /* FeedCell.swift in Sources */ = {isa = PBXBuildFile; fileRef = 703D7D2929E81CD00020360D /* FeedCell.swift */; };
		703D7D3229E827860020360D /* UIView+Extensions.swift in Sources */ = {isa = PBXBuildFile; fileRef = 703D7D3129E827860020360D /* UIView+Extensions.swift */; };
		703D7D3929E853860020360D /* Feed.swift in Sources */ = {isa = PBXBuildFile; fileRef = 703D7D3829E853860020360D /* Feed.swift */; };
/* End PBXBuildFile section */

/* Begin PBXFileReference section */
		703D7D0929E803C70020360D /* RSSreader.app */ = {isa = PBXFileReference; explicitFileType = wrapper.application; includeInIndex = 0; path = RSSreader.app; sourceTree = BUILT_PRODUCTS_DIR; };
		703D7D0C29E803C70020360D /* AppDelegate.swift */ = {isa = PBXFileReference; lastKnownFileType = sourcecode.swift; path = AppDelegate.swift; sourceTree = "<group>"; };
		703D7D0E29E803C70020360D /* SceneDelegate.swift */ = {isa = PBXFileReference; lastKnownFileType = sourcecode.swift; path = SceneDelegate.swift; sourceTree = "<group>"; };
		703D7D1029E803C70020360D /* FeedController.swift */ = {isa = PBXFileReference; lastKnownFileType = sourcecode.swift; path = FeedController.swift; sourceTree = "<group>"; };
		703D7D1629E803C70020360D /* RSSreader.xcdatamodel */ = {isa = PBXFileReference; lastKnownFileType = wrapper.xcdatamodel; path = RSSreader.xcdatamodel; sourceTree = "<group>"; };
		703D7D1829E803CC0020360D /* Assets.xcassets */ = {isa = PBXFileReference; lastKnownFileType = folder.assetcatalog; path = Assets.xcassets; sourceTree = "<group>"; };
		703D7D1B29E803CC0020360D /* Base */ = {isa = PBXFileReference; lastKnownFileType = file.storyboard; name = Base; path = Base.lproj/LaunchScreen.storyboard; sourceTree = "<group>"; };
		703D7D1D29E803CC0020360D /* Info.plist */ = {isa = PBXFileReference; lastKnownFileType = text.plist.xml; path = Info.plist; sourceTree = "<group>"; };
		703D7D2329E80CE90020360D /* XmlParserManager.swift */ = {isa = PBXFileReference; lastKnownFileType = sourcecode.swift; path = XmlParserManager.swift; sourceTree = "<group>"; };
		703D7D2929E81CD00020360D /* FeedCell.swift */ = {isa = PBXFileReference; lastKnownFileType = sourcecode.swift; path = FeedCell.swift; sourceTree = "<group>"; };
		703D7D3129E827860020360D /* UIView+Extensions.swift */ = {isa = PBXFileReference; lastKnownFileType = sourcecode.swift; path = "UIView+Extensions.swift"; sourceTree = "<group>"; };
		703D7D3829E853860020360D /* Feed.swift */ = {isa = PBXFileReference; lastKnownFileType = sourcecode.swift; path = Feed.swift; sourceTree = "<group>"; };
/* End PBXFileReference section */

/* Begin PBXFrameworksBuildPhase section */
		703D7D0629E803C70020360D /* Frameworks */ = {
			isa = PBXFrameworksBuildPhase;
			buildActionMask = 2147483647;
			files = (
			);
			runOnlyForDeploymentPostprocessing = 0;
		};
/* End PBXFrameworksBuildPhase section */

/* Begin PBXGroup section */
		703D7D0029E803C70020360D = {
			isa = PBXGroup;
			children = (
				703D7D0B29E803C70020360D /* RSSreader */,
				703D7D0A29E803C70020360D /* Products */,
			);
			sourceTree = "<group>";
		};
		703D7D0A29E803C70020360D /* Products */ = {
			isa = PBXGroup;
			children = (
				703D7D0929E803C70020360D /* RSSreader.app */,
			);
			name = Products;
			sourceTree = "<group>";
		};
		703D7D0B29E803C70020360D /* RSSreader */ = {
			isa = PBXGroup;
			children = (
				703D7D3029E827440020360D /* Files */,
				703D7D2E29E827380020360D /* Utils */,
				703D7D3329E8279F0020360D /* Model */,
				703D7D3429E827A40020360D /* View */,
				703D7D3629E827B50020360D /* Controller */,
			);
			path = RSSreader;
			sourceTree = "<group>";
		};
		703D7D2E29E827380020360D /* Utils */ = {
			isa = PBXGroup;
			children = (
				703D7D2329E80CE90020360D /* XmlParserManager.swift */,
				703D7D3129E827860020360D /* UIView+Extensions.swift */,
			);
			path = Utils;
			sourceTree = "<group>";
		};
		703D7D3029E827440020360D /* Files */ = {
			isa = PBXGroup;
			children = (
				703D7D0C29E803C70020360D /* AppDelegate.swift */,
				703D7D0E29E803C70020360D /* SceneDelegate.swift */,
				703D7D1A29E803CC0020360D /* LaunchScreen.storyboard */,
				703D7D1829E803CC0020360D /* Assets.xcassets */,
				703D7D1D29E803CC0020360D /* Info.plist */,
				703D7D1529E803C70020360D /* RSSreader.xcdatamodeld */,
			);
			name = Files;
			sourceTree = "<group>";
		};
		703D7D3329E8279F0020360D /* Model */ = {
			isa = PBXGroup;
			children = (
				703D7D3829E853860020360D /* Feed.swift */,
			);
			path = Model;
			sourceTree = "<group>";
		};
		703D7D3429E827A40020360D /* View */ = {
			isa = PBXGroup;
			children = (
				703D7D2929E81CD00020360D /* FeedCell.swift */,
			);
			path = View;
			sourceTree = "<group>";
		};
		703D7D3629E827B50020360D /* Controller */ = {
			isa = PBXGroup;
			children = (
				703D7D1029E803C70020360D /* FeedController.swift */,
			);
			path = Controller;
			sourceTree = "<group>";
		};
/* End PBXGroup section */

/* Begin PBXNativeTarget section */
		703D7D0829E803C70020360D /* RSSreader */ = {
			isa = PBXNativeTarget;
			buildConfigurationList = 703D7D2029E803CC0020360D /* Build configuration list for PBXNativeTarget "RSSreader" */;
			buildPhases = (
				703D7D0529E803C70020360D /* Sources */,
				703D7D0629E803C70020360D /* Frameworks */,
				703D7D0729E803C70020360D /* Resources */,
			);
			buildRules = (
			);
			dependencies = (
			);
			name = RSSreader;
			packageProductDependencies = (
			);
			productName = RSSreader;
			productReference = 703D7D0929E803C70020360D /* RSSreader.app */;
			productType = "com.apple.product-type.application";
		};
/* End PBXNativeTarget section */

/* Begin PBXProject section */
		703D7D0129E803C70020360D /* Project object */ = {
			isa = PBXProject;
			attributes = {
				BuildIndependentTargetsInParallel = 1;
				LastSwiftUpdateCheck = 1400;
				LastUpgradeCheck = 1400;
				TargetAttributes = {
					703D7D0829E803C70020360D = {
						CreatedOnToolsVersion = 14.0.1;
					};
				};
			};
			buildConfigurationList = 703D7D0429E803C70020360D /* Build configuration list for PBXProject "RSSreader" */;
			compatibilityVersion = "Xcode 14.0";
			developmentRegion = en;
			hasScannedForEncodings = 0;
			knownRegions = (
				en,
				Base,
			);
			mainGroup = 703D7D0029E803C70020360D;
			packageReferences = (
			);
			productRefGroup = 703D7D0A29E803C70020360D /* Products */;
			projectDirPath = "";
			projectRoot = "";
			targets = (
				703D7D0829E803C70020360D /* RSSreader */,
			);
		};
/* End PBXProject section */

/* Begin PBXResourcesBuildPhase section */
		703D7D0729E803C70020360D /* Resources */ = {
			isa = PBXResourcesBuildPhase;
			buildActionMask = 2147483647;
			files = (
				703D7D1C29E803CC0020360D /* LaunchScreen.storyboard in Resources */,
				703D7D1929E803CC0020360D /* Assets.xcassets in Resources */,
			);
			runOnlyForDeploymentPostprocessing = 0;
		};
/* End PBXResourcesBuildPhase section */

/* Begin PBXSourcesBuildPhase section */
		703D7D0529E803C70020360D /* Sources */ = {
			isa = PBXSourcesBuildPhase;
			buildActionMask = 2147483647;
			files = (
				703D7D1129E803C70020360D /* FeedController.swift in Sources */,
				703D7D3929E853860020360D /* Feed.swift in Sources */,
				703D7D1729E803C70020360D /* RSSreader.xcdatamodeld in Sources */,
				703D7D0D29E803C70020360D /* AppDelegate.swift in Sources */,
				703D7D0F29E803C70020360D /* SceneDelegate.swift in Sources */,
				703D7D2A29E81CD00020360D /* FeedCell.swift in Sources */,
				703D7D3229E827860020360D /* UIView+Extensions.swift in Sources */,
				703D7D2429E80CE90020360D /* XmlParserManager.swift in Sources */,
			);
			runOnlyForDeploymentPostprocessing = 0;
		};
/* End PBXSourcesBuildPhase section */

/* Begin PBXVariantGroup section */
		703D7D1A29E803CC0020360D /* LaunchScreen.storyboard */ = {
			isa = PBXVariantGroup;
			children = (
				703D7D1B29E803CC0020360D /* Base */,
			);
			name = LaunchScreen.storyboard;
			sourceTree = "<group>";
		};
/* End PBXVariantGroup section */

/* Begin XCBuildConfiguration section */
		703D7D1E29E803CC0020360D /* Debug */ = {
			isa = XCBuildConfiguration;
			buildSettings = {
				ALWAYS_SEARCH_USER_PATHS = NO;
				CLANG_ANALYZER_NONNULL = YES;
				CLANG_ANALYZER_NUMBER_OBJECT_CONVERSION = YES_AGGRESSIVE;
				CLANG_CXX_LANGUAGE_STANDARD = "gnu++20";
				CLANG_ENABLE_MODULES = YES;
				CLANG_ENABLE_OBJC_ARC = YES;
				CLANG_ENABLE_OBJC_WEAK = YES;
				CLANG_WARN_BLOCK_CAPTURE_AUTORELEASING = YES;
				CLANG_WARN_BOOL_CONVERSION = YES;
				CLANG_WARN_COMMA = YES;
				CLANG_WARN_CONSTANT_CONVERSION = YES;
				CLANG_WARN_DEPRECATED_OBJC_IMPLEMENTATIONS = YES;
				CLANG_WARN_DIRECT_OBJC_ISA_USAGE = YES_ERROR;
				CLANG_WARN_DOCUMENTATION_COMMENTS = YES;
				CLANG_WARN_EMPTY_BODY = YES;
				CLANG_WARN_ENUM_CONVERSION = YES;
				CLANG_WARN_INFINITE_RECURSION = YES;
				CLANG_WARN_INT_CONVERSION = YES;
				CLANG_WARN_NON_LITERAL_NULL_CONVERSION = YES;
				CLANG_WARN_OBJC_IMPLICIT_RETAIN_SELF = YES;
				CLANG_WARN_OBJC_LITERAL_CONVERSION = YES;
				CLANG_WARN_OBJC_ROOT_CLASS = YES_ERROR;
				CLANG_WARN_QUOTED_INCLUDE_IN_FRAMEWORK_HEADER = YES;
				CLANG_WARN_RANGE_LOOP_ANALYSIS = YES;
				CLANG_WARN_STRICT_PROTOTYPES = YES;
				CLANG_WARN_SUSPICIOUS_MOVE = YES;
				CLANG_WARN_UNGUARDED_AVAILABILITY = YES_AGGRESSIVE;
				CLANG_WARN_UNREACHABLE_CODE = YES;
				CLANG_WARN__DUPLICATE_METHOD_MATCH = YES;
				COPY_PHASE_STRIP = NO;
				DEBUG_INFORMATION_FORMAT = dwarf;
				ENABLE_STRICT_OBJC_MSGSEND = YES;
				ENABLE_TESTABILITY = YES;
				GCC_C_LANGUAGE_STANDARD = gnu11;
				GCC_DYNAMIC_NO_PIC = NO;
				GCC_NO_COMMON_BLOCKS = YES;
				GCC_OPTIMIZATION_LEVEL = 0;
				GCC_PREPROCESSOR_DEFINITIONS = (
					"DEBUG=1",
					"$(inherited)",
				);
				GCC_WARN_64_TO_32_BIT_CONVERSION = YES;
				GCC_WARN_ABOUT_RETURN_TYPE = YES_ERROR;
				GCC_WARN_UNDECLARED_SELECTOR = YES;
				GCC_WARN_UNINITIALIZED_AUTOS = YES_AGGRESSIVE;
				GCC_WARN_UNUSED_FUNCTION = YES;
				GCC_WARN_UNUSED_VARIABLE = YES;
				IPHONEOS_DEPLOYMENT_TARGET = 13.0;
				MTL_ENABLE_DEBUG_INFO = INCLUDE_SOURCE;
				MTL_FAST_MATH = YES;
				ONLY_ACTIVE_ARCH = YES;
				SDKROOT = iphoneos;
				SWIFT_ACTIVE_COMPILATION_CONDITIONS = DEBUG;
				SWIFT_OPTIMIZATION_LEVEL = "-Onone";
			};
			name = Debug;
		};
		703D7D1F29E803CC0020360D /* Release */ = {
			isa = XCBuildConfiguration;
			buildSettings = {
				ALWAYS_SEARCH_USER_PATHS = NO;
				CLANG_ANALYZER_NONNULL = YES;
				CLANG_ANALYZER_NUMBER_OBJECT_CONVERSION = YES_AGGRESSIVE;
				CLANG_CXX_LANGUAGE_STANDARD = "gnu++20";
				CLANG_ENABLE_MODULES = YES;
				CLANG_ENABLE_OBJC_ARC = YES;
				CLANG_ENABLE_OBJC_WEAK = YES;
				CLANG_WARN_BLOCK_CAPTURE_AUTORELEASING = YES;
				CLANG_WARN_BOOL_CONVERSION = YES;
				CLANG_WARN_COMMA = YES;
				CLANG_WARN_CONSTANT_CONVERSION = YES;
				CLANG_WARN_DEPRECATED_OBJC_IMPLEMENTATIONS = YES;
				CLANG_WARN_DIRECT_OBJC_ISA_USAGE = YES_ERROR;
				CLANG_WARN_DOCUMENTATION_COMMENTS = YES;
				CLANG_WARN_EMPTY_BODY = YES;
				CLANG_WARN_ENUM_CONVERSION = YES;
				CLANG_WARN_INFINITE_RECURSION = YES;
				CLANG_WARN_INT_CONVERSION = YES;
				CLANG_WARN_NON_LITERAL_NULL_CONVERSION = YES;
				CLANG_WARN_OBJC_IMPLICIT_RETAIN_SELF = YES;
				CLANG_WARN_OBJC_LITERAL_CONVERSION = YES;
				CLANG_WARN_OBJC_ROOT_CLASS = YES_ERROR;
				CLANG_WARN_QUOTED_INCLUDE_IN_FRAMEWORK_HEADER = YES;
				CLANG_WARN_RANGE_LOOP_ANALYSIS = YES;
				CLANG_WARN_STRICT_PROTOTYPES = YES;
				CLANG_WARN_SUSPICIOUS_MOVE = YES;
				CLANG_WARN_UNGUARDED_AVAILABILITY = YES_AGGRESSIVE;
				CLANG_WARN_UNREACHABLE_CODE = YES;
				CLANG_WARN__DUPLICATE_METHOD_MATCH = YES;
				COPY_PHASE_STRIP = NO;
				DEBUG_INFORMATION_FORMAT = "dwarf-with-dsym";
				ENABLE_NS_ASSERTIONS = NO;
				ENABLE_STRICT_OBJC_MSGSEND = YES;
				GCC_C_LANGUAGE_STANDARD = gnu11;
				GCC_NO_COMMON_BLOCKS = YES;
				GCC_WARN_64_TO_32_BIT_CONVERSION = YES;
				GCC_WARN_ABOUT_RETURN_TYPE = YES_ERROR;
				GCC_WARN_UNDECLARED_SELECTOR = YES;
				GCC_WARN_UNINITIALIZED_AUTOS = YES_AGGRESSIVE;
				GCC_WARN_UNUSED_FUNCTION = YES;
				GCC_WARN_UNUSED_VARIABLE = YES;
				IPHONEOS_DEPLOYMENT_TARGET = 13.0;
				MTL_ENABLE_DEBUG_INFO = NO;
				MTL_FAST_MATH = YES;
				SDKROOT = iphoneos;
				SWIFT_COMPILATION_MODE = wholemodule;
				SWIFT_OPTIMIZATION_LEVEL = "-O";
				VALIDATE_PRODUCT = YES;
			};
			name = Release;
		};
		703D7D2129E803CC0020360D /* Debug */ = {
			isa = XCBuildConfiguration;
			buildSettings = {
				ASSETCATALOG_COMPILER_APPICON_NAME = AppIcon;
				ASSETCATALOG_COMPILER_GLOBAL_ACCENT_COLOR_NAME = AccentColor;
				CODE_SIGN_STYLE = Automatic;
				CURRENT_PROJECT_VERSION = 1;
				DEVELOPMENT_TEAM = UA5J3LA7RU;
				GENERATE_INFOPLIST_FILE = YES;
				INFOPLIST_FILE = RSSreader/Info.plist;
				INFOPLIST_KEY_UIApplicationSupportsIndirectInputEvents = YES;
				INFOPLIST_KEY_UILaunchStoryboardName = LaunchScreen;
				INFOPLIST_KEY_UISupportedInterfaceOrientations_iPad = "UIInterfaceOrientationPortrait UIInterfaceOrientationPortraitUpsideDown UIInterfaceOrientationLandscapeLeft UIInterfaceOrientationLandscapeRight";
				INFOPLIST_KEY_UISupportedInterfaceOrientations_iPhone = "UIInterfaceOrientationPortrait UIInterfaceOrientationLandscapeLeft UIInterfaceOrientationLandscapeRight";
				IPHONEOS_DEPLOYMENT_TARGET = 13.0;
				LD_RUNPATH_SEARCH_PATHS = (
					"$(inherited)",
					"@executable_path/Frameworks",
				);
				MARKETING_VERSION = 1.0;
				PRODUCT_BUNDLE_IDENTIFIER = com.ibrahimuysal.RSSreader;
				PRODUCT_NAME = "$(TARGET_NAME)";
				SWIFT_EMIT_LOC_STRINGS = YES;
				SWIFT_VERSION = 5.0;
				TARGETED_DEVICE_FAMILY = "1,2";
			};
			name = Debug;
		};
		703D7D2229E803CC0020360D /* Release */ = {
			isa = XCBuildConfiguration;
			buildSettings = {
				ASSETCATALOG_COMPILER_APPICON_NAME = AppIcon;
				ASSETCATALOG_COMPILER_GLOBAL_ACCENT_COLOR_NAME = AccentColor;
				CODE_SIGN_STYLE = Automatic;
				CURRENT_PROJECT_VERSION = 1;
				DEVELOPMENT_TEAM = UA5J3LA7RU;
				GENERATE_INFOPLIST_FILE = YES;
				INFOPLIST_FILE = RSSreader/Info.plist;
				INFOPLIST_KEY_UIApplicationSupportsIndirectInputEvents = YES;
				INFOPLIST_KEY_UILaunchStoryboardName = LaunchScreen;
				INFOPLIST_KEY_UISupportedInterfaceOrientations_iPad = "UIInterfaceOrientationPortrait UIInterfaceOrientationPortraitUpsideDown UIInterfaceOrientationLandscapeLeft UIInterfaceOrientationLandscapeRight";
				INFOPLIST_KEY_UISupportedInterfaceOrientations_iPhone = "UIInterfaceOrientationPortrait UIInterfaceOrientationLandscapeLeft UIInterfaceOrientationLandscapeRight";
				IPHONEOS_DEPLOYMENT_TARGET = 13.0;
				LD_RUNPATH_SEARCH_PATHS = (
					"$(inherited)",
					"@executable_path/Frameworks",
				);
				MARKETING_VERSION = 1.0;
				PRODUCT_BUNDLE_IDENTIFIER = com.ibrahimuysal.RSSreader;
				PRODUCT_NAME = "$(TARGET_NAME)";
				SWIFT_EMIT_LOC_STRINGS = YES;
				SWIFT_VERSION = 5.0;
				TARGETED_DEVICE_FAMILY = "1,2";
			};
			name = Release;
		};
/* End XCBuildConfiguration section */

/* Begin XCConfigurationList section */
		703D7D0429E803C70020360D /* Build configuration list for PBXProject "RSSreader" */ = {
			isa = XCConfigurationList;
			buildConfigurations = (
				703D7D1E29E803CC0020360D /* Debug */,
				703D7D1F29E803CC0020360D /* Release */,
			);
			defaultConfigurationIsVisible = 0;
			defaultConfigurationName = Release;
		};
		703D7D2029E803CC0020360D /* Build configuration list for PBXNativeTarget "RSSreader" */ = {
			isa = XCConfigurationList;
			buildConfigurations = (
				703D7D2129E803CC0020360D /* Debug */,
				703D7D2229E803CC0020360D /* Release */,
			);
			defaultConfigurationIsVisible = 0;
			defaultConfigurationName = Release;
		};
/* End XCConfigurationList section */

/* Begin XCVersionGroup section */
		703D7D1529E803C70020360D /* RSSreader.xcdatamodeld */ = {
			isa = XCVersionGroup;
			children = (
				703D7D1629E803C70020360D /* RSSreader.xcdatamodel */,
			);
			currentVersion = 703D7D1629E803C70020360D /* RSSreader.xcdatamodel */;
			path = RSSreader.xcdatamodeld;
			sourceTree = "<group>";
			versionGroupType = wrapper.xcdatamodel;
		};
/* End XCVersionGroup section */
	};
	rootObject = 703D7D0129E803C70020360D /* Project object */;
}
